lockfile_version: '1'
generated_at: '2026-03-07T13:16:15.106Z'
apm_version: 0.1.0
dependencies:
  - repo_url: microsoft/apm-sample-package
    host: github.com
    resolved_commit: fb2851683be0e0e7711421d518bd8dba23b0b1f6
    resolved_ref: HEAD
    version: 1.0.0
    depth: 1
    deployed_files:
      - .github/prompts/accessibility-audit.prompt.md
      - .github/prompts/design-review.prompt.md
      - .github/agents/design-reviewer.agent.md
      - .github/instructions/design-standards.instructions.md
      - .github/skills/style-checker/SKILL.md
  - repo_url: github/awesome-copilot
    host: github.com
    resolved_commit: 9ef54533f0e4e3f5f45d790d675af5f91344e821
    resolved_ref: HEAD
    version: 0.0.0
    virtual_path: skills/review-and-refactor
    is_virtual: true
    depth: 2
    resolved_by: microsoft/apm-sample-package
